{
    "name": "@payment-demo/payment-demo-0.0.1",
    "version": "2.7.6",
    "lockfileVersion": 3,
    "requires": true,
    "packages": {
        "": {
            "name": "@payment-demo/payment-demo-0.0.1",
            "version": "2.7.6",
            "license": "UNLICENSED",
            "dependencies": {
                "@mojotech/json-type-validation": "^3.1.0",
                "@payment-demo/d14e08374fc7197d6a0de468c968ae8ba3aadbf9315476fd39071831f5923662": "file:../d14e08374fc7197d6a0de468c968ae8ba3aadbf9315476fd39071831f5923662"
            }
        },
        "../d14e08374fc7197d6a0de468c968ae8ba3aadbf9315476fd39071831f5923662": {
            "name": "@payment-demo/d14e08374fc7197d6a0de468c968ae8ba3aadbf9315476fd39071831f5923662",
            "version": "2.7.6",
            "license": "UNLICENSED",
            "dependencies": {
                "@mojotech/json-type-validation": "^3.1.0"
            }
        },
        "../d14e08374fc7197d6a0de468c968ae8ba3aadbf9315476fd39071831f5923662/node_modules/@mojotech/json-type-validation": {
            "version": "3.1.0",
            "license": "MIT",
            "dependencies": {
                "lodash.isequal": "^4.5.0"
            },
            "engines": {
                "node": ">=6.0.0"
            }
        },
        "../d14e08374fc7197d6a0de468c968ae8ba3aadbf9315476fd39071831f5923662/node_modules/lodash.isequal": {
            "version": "4.5.0",
            "license": "MIT"
        },
        "node_modules/@mojotech/json-type-validation": {
            "version": "3.1.0",
            "license": "MIT",
            "dependencies": {
                "lodash.isequal": "^4.5.0"
            },
            "engines": {
                "node": ">=6.0.0"
            }
        },
        "node_modules/@payment-demo/d14e08374fc7197d6a0de468c968ae8ba3aadbf9315476fd39071831f5923662": {
            "resolved": "../d14e08374fc7197d6a0de468c968ae8ba3aadbf9315476fd39071831f5923662",
            "link": true
        },
        "node_modules/lodash.isequal": {
            "version": "4.5.0",
            "license": "MIT"
        }
    }
}
